// !$*UTF8*$!
{
	archiveVersion = 1;
	classes = {
	};
	objectVersion = 54;
	objects = {

/* Begin PBXBuildFile section */
		810957B0262304EA003388F3 /* AppDelegate.swift in Sources */ = {isa = PBXBuildFile; fileRef = 810957AF262304EA003388F3 /* AppDelegate.swift */; };
		810957B4262304EC003388F3 /* Assets.xcassets in Resources */ = {isa = PBXBuildFile; fileRef = 810957B3262304EC003388F3 /* Assets.xcassets */; };
		810957B7262304ED003388F3 /* Main.storyboard in Resources */ = {isa = PBXBuildFile; fileRef = 810957B5262304ED003388F3 /* Main.storyboard */; };
		813A4DF826230AE500EDED21 /* renderer.swift in Sources */ = {isa = PBXBuildFile; fileRef = 813A4DF726230AE500EDED21 /* renderer.swift */; };
		813A4E112623213000EDED21 /* shaders.metal in Sources */ = {isa = PBXBuildFile; fileRef = 813A4E102623213000EDED21 /* shaders.metal */; };
		813A4E21262449D600EDED21 /* SGLMath in Frameworks */ = {isa = PBXBuildFile; productRef = 813A4E20262449D600EDED21 /* SGLMath */; };
		8181F579262493DB0023DA74 /* model.swift in Sources */ = {isa = PBXBuildFile; fileRef = 8181F578262493DB0023DA74 /* model.swift */; };
		8181F57E262498F60023DA74 /* vertexBuffer.swift in Sources */ = {isa = PBXBuildFile; fileRef = 8181F57D262498F60023DA74 /* vertexBuffer.swift */; };
		8181F5862624A1C10023DA74 /* entities.swift in Sources */ = {isa = PBXBuildFile; fileRef = 8181F5852624A1C10023DA74 /* entities.swift */; };
		8181F58B2624B2C90023DA74 /* camera.swift in Sources */ = {isa = PBXBuildFile; fileRef = 8181F58A2624B2C90023DA74 /* camera.swift */; };
		81CC91632625FF5500CD2858 /* depthStencilStateCreation.swift in Sources */ = {isa = PBXBuildFile; fileRef = 81CC91622625FF5500CD2858 /* depthStencilStateCreation.swift */; };
		81CC91662626178200CD2858 /* GameView.swift in Sources */ = {isa = PBXBuildFile; fileRef = 81CC91652626178200CD2858 /* GameView.swift */; };
		81CC916C2626CBC500CD2858 /* texture.swift in Sources */ = {isa = PBXBuildFile; fileRef = 81CC916B2626CBC500CD2858 /* texture.swift */; };
		81CC916F2626D0AD00CD2858 /* cat.jpg in Resources */ = {isa = PBXBuildFile; fileRef = 81CC916E2626D0AD00CD2858 /* cat.jpg */; };
		81CC91722627036C00CD2858 /* sampler.swift in Sources */ = {isa = PBXBuildFile; fileRef = 81CC91712627036C00CD2858 /* sampler.swift */; };
		81CC9175262706BA00CD2858 /* scene.swift in Sources */ = {isa = PBXBuildFile; fileRef = 81CC9174262706BA00CD2858 /* scene.swift */; };
		81CC917A26270B9F00CD2858 /* cuteCat.png in Resources */ = {isa = PBXBuildFile; fileRef = 81CC917926270B9F00CD2858 /* cuteCat.png */; };
		81CC917D26270C4200CD2858 /* realCat.jpg in Resources */ = {isa = PBXBuildFile; fileRef = 81CC917C26270C4200CD2858 /* realCat.jpg */; };
/* End PBXBuildFile section */

/* Begin PBXFileReference section */
		810957AC262304EA003388F3 /* metalTest.app */ = {isa = PBXFileReference; explicitFileType = wrapper.application; includeInIndex = 0; path = metalTest.app; sourceTree = BUILT_PRODUCTS_DIR; };
		810957AF262304EA003388F3 /* AppDelegate.swift */ = {isa = PBXFileReference; lastKnownFileType = sourcecode.swift; path = AppDelegate.swift; sourceTree = "<group>"; };
		810957B3262304EC003388F3 /* Assets.xcassets */ = {isa = PBXFileReference; lastKnownFileType = folder.assetcatalog; path = Assets.xcassets; sourceTree = "<group>"; };
		810957B6262304ED003388F3 /* Base */ = {isa = PBXFileReference; lastKnownFileType = file.storyboard; name = Base; path = Base.lproj/Main.storyboard; sourceTree = "<group>"; };
		810957B8262304ED003388F3 /* Info.plist */ = {isa = PBXFileReference; lastKnownFileType = text.plist.xml; path = Info.plist; sourceTree = "<group>"; };
		810957B9262304ED003388F3 /* metalTest.entitlements */ = {isa = PBXFileReference; lastKnownFileType = text.plist.entitlements; path = metalTest.entitlements; sourceTree = "<group>"; };
		813A4DF726230AE500EDED21 /* renderer.swift */ = {isa = PBXFileReference; lastKnownFileType = sourcecode.swift; path = renderer.swift; sourceTree = "<group>"; };
		813A4E0D2623204E00EDED21 /* metalTest-Bridging-Header.h */ = {isa = PBXFileReference; fileEncoding = 4; lastKnownFileType = sourcecode.c.h; path = "metalTest-Bridging-Header.h"; sourceTree = "<group>"; };
		813A4E0E2623206D00EDED21 /* shader_definitions.h */ = {isa = PBXFileReference; lastKnownFileType = sourcecode.c.h; path = shader_definitions.h; sourceTree = "<group>"; };
		813A4E102623213000EDED21 /* shaders.metal */ = {isa = PBXFileReference; lastKnownFileType = sourcecode.metal; path = shaders.metal; sourceTree = "<group>"; };
		8181F578262493DB0023DA74 /* model.swift */ = {isa = PBXFileReference; lastKnownFileType = sourcecode.swift; path = model.swift; sourceTree = "<group>"; };
		8181F57D262498F60023DA74 /* vertexBuffer.swift */ = {isa = PBXFileReference; lastKnownFileType = sourcecode.swift; path = vertexBuffer.swift; sourceTree = "<group>"; };
		8181F5852624A1C10023DA74 /* entities.swift */ = {isa = PBXFileReference; lastKnownFileType = sourcecode.swift; path = entities.swift; sourceTree = "<group>"; };
		8181F58A2624B2C90023DA74 /* camera.swift */ = {isa = PBXFileReference; lastKnownFileType = sourcecode.swift; path = camera.swift; sourceTree = "<group>"; };
		81CC91622625FF5500CD2858 /* depthStencilStateCreation.swift */ = {isa = PBXFileReference; lastKnownFileType = sourcecode.swift; path = depthStencilStateCreation.swift; sourceTree = "<group>"; };
		81CC91652626178200CD2858 /* GameView.swift */ = {isa = PBXFileReference; lastKnownFileType = sourcecode.swift; path = GameView.swift; sourceTree = "<group>"; };
		81CC916B2626CBC500CD2858 /* texture.swift */ = {isa = PBXFileReference; lastKnownFileType = sourcecode.swift; path = texture.swift; sourceTree = "<group>"; };
		81CC916E2626D0AD00CD2858 /* cat.jpg */ = {isa = PBXFileReference; lastKnownFileType = image.jpeg; path = cat.jpg; sourceTree = "<group>"; };
		81CC91712627036C00CD2858 /* sampler.swift */ = {isa = PBXFileReference; lastKnownFileType = sourcecode.swift; path = sampler.swift; sourceTree = "<group>"; };
		81CC9174262706BA00CD2858 /* scene.swift */ = {isa = PBXFileReference; lastKnownFileType = sourcecode.swift; path = scene.swift; sourceTree = "<group>"; };
		81CC917926270B9F00CD2858 /* cuteCat.png */ = {isa = PBXFileReference; lastKnownFileType = image.png; path = cuteCat.png; sourceTree = "<group>"; };
		81CC917C26270C4200CD2858 /* realCat.jpg */ = {isa = PBXFileReference; lastKnownFileType = image.jpeg; path = realCat.jpg; sourceTree = "<group>"; };
/* End PBXFileReference section */

/* Begin PBXFrameworksBuildPhase section */
		810957A9262304EA003388F3 /* Frameworks */ = {
			isa = PBXFrameworksBuildPhase;
			buildActionMask = 2147483647;
			files = (
				813A4E21262449D600EDED21 /* SGLMath in Frameworks */,
			);
			runOnlyForDeploymentPostprocessing = 0;
		};
/* End PBXFrameworksBuildPhase section */

/* Begin PBXGroup section */
		810957A3262304EA003388F3 = {
			isa = PBXGroup;
			children = (
				810957AE262304EA003388F3 /* metalTest */,
				810957AD262304EA003388F3 /* Products */,
			);
			sourceTree = "<group>";
		};
		810957AD262304EA003388F3 /* Products */ = {
			isa = PBXGroup;
			children = (
				810957AC262304EA003388F3 /* metalTest.app */,
			);
			name = Products;
			sourceTree = "<group>";
		};
		810957AE262304EA003388F3 /* metalTest */ = {
			isa = PBXGroup;
			children = (
				81CC91692626C11300CD2858 /* Assets */,
				81CC91492625FC6400CD2858 /* OtherFiles */,
				8181F577262493AF0023DA74 /* Entities */,
				813A4E1826243D1100EDED21 /* UIStuff */,
				813A4E0F2623211700EDED21 /* shaders */,
				813A4DF726230AE500EDED21 /* renderer.swift */,
				81CC91622625FF5500CD2858 /* depthStencilStateCreation.swift */,
				81CC916B2626CBC500CD2858 /* texture.swift */,
				81CC91712627036C00CD2858 /* sampler.swift */,
				81CC9174262706BA00CD2858 /* scene.swift */,
			);
			path = metalTest;
			sourceTree = "<group>";
		};
		813A4E0F2623211700EDED21 /* shaders */ = {
			isa = PBXGroup;
			children = (
				813A4E0D2623204E00EDED21 /* metalTest-Bridging-Header.h */,
				813A4E0E2623206D00EDED21 /* shader_definitions.h */,
				813A4E102623213000EDED21 /* shaders.metal */,
			);
			path = shaders;
			sourceTree = "<group>";
		};
		813A4E1826243D1100EDED21 /* UIStuff */ = {
			isa = PBXGroup;
			children = (
				810957AF262304EA003388F3 /* AppDelegate.swift */,
				81CC91652626178200CD2858 /* GameView.swift */,
			);
			path = UIStuff;
			sourceTree = "<group>";
		};
		8181F577262493AF0023DA74 /* Entities */ = {
			isa = PBXGroup;
			children = (
				8181F578262493DB0023DA74 /* model.swift */,
				8181F57D262498F60023DA74 /* vertexBuffer.swift */,
				8181F5852624A1C10023DA74 /* entities.swift */,
				8181F58A2624B2C90023DA74 /* camera.swift */,
			);
			path = Entities;
			sourceTree = "<group>";
		};
		81CC91492625FC6400CD2858 /* OtherFiles */ = {
			isa = PBXGroup;
			children = (
				810957B9262304ED003388F3 /* metalTest.entitlements */,
				810957B8262304ED003388F3 /* Info.plist */,
				810957B3262304EC003388F3 /* Assets.xcassets */,
				810957B5262304ED003388F3 /* Main.storyboard */,
			);
			path = OtherFiles;
			sourceTree = "<group>";
		};
		81CC91692626C11300CD2858 /* Assets */ = {
			isa = PBXGroup;
			children = (
				81CC917C26270C4200CD2858 /* realCat.jpg */,
				81CC917926270B9F00CD2858 /* cuteCat.png */,
				81CC916E2626D0AD00CD2858 /* cat.jpg */,
			);
			path = Assets;
			sourceTree = "<group>";
		};
/* End PBXGroup section */

/* Begin PBXNativeTarget section */
		810957AB262304EA003388F3 /* metalTest */ = {
			isa = PBXNativeTarget;
			buildConfigurationList = 810957D2262304ED003388F3 /* Build configuration list for PBXNativeTarget "metalTest" */;
			buildPhases = (
				810957A8262304EA003388F3 /* Sources */,
				810957A9262304EA003388F3 /* Frameworks */,
				810957AA262304EA003388F3 /* Resources */,
			);
			buildRules = (
			);
			dependencies = (
			);
			name = metalTest;
			packageProductDependencies = (
				813A4E20262449D600EDED21 /* SGLMath */,
			);
			productName = metalTest;
			productReference = 810957AC262304EA003388F3 /* metalTest.app */;
			productType = "com.apple.product-type.application";
		};
/* End PBXNativeTarget section */

/* Begin PBXProject section */
		810957A4262304EA003388F3 /* Project object */ = {
			isa = PBXProject;
			attributes = {
				LastSwiftUpdateCheck = 1240;
				LastUpgradeCheck = 1240;
				TargetAttributes = {
					810957AB262304EA003388F3 = {
						CreatedOnToolsVersion = 12.4;
						LastSwiftMigration = 1240;
					};
				};
			};
			buildConfigurationList = 810957A7262304EA003388F3 /* Build configuration list for PBXProject "metalTest" */;
			compatibilityVersion = "Xcode 12.0";
			developmentRegion = en;
			hasScannedForEncodings = 0;
			knownRegions = (
				en,
				Base,
			);
			mainGroup = 810957A3262304EA003388F3;
			packageReferences = (
				813A4E1F262449D600EDED21 /* XCRemoteSwiftPackageReference "Math" */,
			);
			productRefGroup = 810957AD262304EA003388F3 /* Products */;
			projectDirPath = "";
			projectRoot = "";
			targets = (
				810957AB262304EA003388F3 /* metalTest */,
			);
		};
/* End PBXProject section */

/* Begin PBXResourcesBuildPhase section */
		810957AA262304EA003388F3 /* Resources */ = {
			isa = PBXResourcesBuildPhase;
			buildActionMask = 2147483647;
			files = (
				81CC916F2626D0AD00CD2858 /* cat.jpg in Resources */,
				810957B4262304EC003388F3 /* Assets.xcassets in Resources */,
				810957B7262304ED003388F3 /* Main.storyboard in Resources */,
				81CC917A26270B9F00CD2858 /* cuteCat.png in Resources */,
				81CC917D26270C4200CD2858 /* realCat.jpg in Resources */,
			);
			runOnlyForDeploymentPostprocessing = 0;
		};
/* End PBXResourcesBuildPhase section */

/* Begin PBXSourcesBuildPhase section */
		810957A8262304EA003388F3 /* Sources */ = {
			isa = PBXSourcesBuildPhase;
			buildActionMask = 2147483647;
			files = (
				8181F58B2624B2C90023DA74 /* camera.swift in Sources */,
				81CC916C2626CBC500CD2858 /* texture.swift in Sources */,
				8181F579262493DB0023DA74 /* model.swift in Sources */,
				81CC91722627036C00CD2858 /* sampler.swift in Sources */,
				813A4DF826230AE500EDED21 /* renderer.swift in Sources */,
				81CC91662626178200CD2858 /* GameView.swift in Sources */,
				8181F57E262498F60023DA74 /* vertexBuffer.swift in Sources */,
				81CC91632625FF5500CD2858 /* depthStencilStateCreation.swift in Sources */,
				81CC9175262706BA00CD2858 /* scene.swift in Sources */,
				810957B0262304EA003388F3 /* AppDelegate.swift in Sources */,
				8181F5862624A1C10023DA74 /* entities.swift in Sources */,
				813A4E112623213000EDED21 /* shaders.metal in Sources */,
			);
			runOnlyForDeploymentPostprocessing = 0;
		};
/* End PBXSourcesBuildPhase section */

/* Begin PBXVariantGroup section */
		810957B5262304ED003388F3 /* Main.storyboard */ = {
			isa = PBXVariantGroup;
			children = (
				810957B6262304ED003388F3 /* Base */,
			);
			name = Main.storyboard;
			sourceTree = "<group>";
		};
/* End PBXVariantGroup section */

/* Begin XCBuildConfiguration section */
		810957D0262304ED003388F3 /* Debug */ = {
			isa = XCBuildConfiguration;
			buildSettings = {
				ALWAYS_SEARCH_USER_PATHS = NO;
				CLANG_ANALYZER_NONNULL = YES;
				CLANG_ANALYZER_NUMBER_OBJECT_CONVERSION = YES_AGGRESSIVE;
				CLANG_CXX_LANGUAGE_STANDARD = "gnu++14";
				CLANG_CXX_LIBRARY = "libc++";
				CLANG_ENABLE_MODULES = YES;
				CLANG_ENABLE_OBJC_ARC = YES;
				CLANG_ENABLE_OBJC_WEAK = YES;
				CLANG_WARN_BLOCK_CAPTURE_AUTORELEASING = YES;
				CLANG_WARN_BOOL_CONVERSION = YES;
				CLANG_WARN_COMMA = YES;
				CLANG_WARN_CONSTANT_CONVERSION = YES;
				CLANG_WARN_DEPRECATED_OBJC_IMPLEMENTATIONS = YES;
				CLANG_WARN_DIRECT_OBJC_ISA_USAGE = YES_ERROR;
				CLANG_WARN_DOCUMENTATION_COMMENTS = YES;
				CLANG_WARN_EMPTY_BODY = YES;
				CLANG_WARN_ENUM_CONVERSION = YES;
				CLANG_WARN_INFINITE_RECURSION = YES;
				CLANG_WARN_INT_CONVERSION = YES;
				CLANG_WARN_NON_LITERAL_NULL_CONVERSION = YES;
				CLANG_WARN_OBJC_IMPLICIT_RETAIN_SELF = YES;
				CLANG_WARN_OBJC_LITERAL_CONVERSION = YES;
				CLANG_WARN_OBJC_ROOT_CLASS = YES_ERROR;
				CLANG_WARN_QUOTED_INCLUDE_IN_FRAMEWORK_HEADER = YES;
				CLANG_WARN_RANGE_LOOP_ANALYSIS = YES;
				CLANG_WARN_STRICT_PROTOTYPES = YES;
				CLANG_WARN_SUSPICIOUS_MOVE = YES;
				CLANG_WARN_UNGUARDED_AVAILABILITY = YES_AGGRESSIVE;
				CLANG_WARN_UNREACHABLE_CODE = YES;
				CLANG_WARN__DUPLICATE_METHOD_MATCH = YES;
				COPY_PHASE_STRIP = NO;
				DEBUG_INFORMATION_FORMAT = dwarf;
				ENABLE_STRICT_OBJC_MSGSEND = YES;
				ENABLE_TESTABILITY = YES;
				GCC_C_LANGUAGE_STANDARD = gnu11;
				GCC_DYNAMIC_NO_PIC = NO;
				GCC_NO_COMMON_BLOCKS = YES;
				GCC_OPTIMIZATION_LEVEL = 0;
				GCC_PREPROCESSOR_DEFINITIONS = (
					"DEBUG=1",
					"$(inherited)",
				);
				GCC_WARN_64_TO_32_BIT_CONVERSION = YES;
				GCC_WARN_ABOUT_RETURN_TYPE = YES_ERROR;
				GCC_WARN_UNDECLARED_SELECTOR = YES;
				GCC_WARN_UNINITIALIZED_AUTOS = YES_AGGRESSIVE;
				GCC_WARN_UNUSED_FUNCTION = YES;
				GCC_WARN_UNUSED_VARIABLE = YES;
				MACOSX_DEPLOYMENT_TARGET = 10.15;
				MTL_ENABLE_DEBUG_INFO = INCLUDE_SOURCE;
				MTL_FAST_MATH = YES;
				ONLY_ACTIVE_ARCH = YES;
				SDKROOT = macosx;
				SWIFT_ACTIVE_COMPILATION_CONDITIONS = DEBUG;
				SWIFT_OPTIMIZATION_LEVEL = "-Onone";
			};
			name = Debug;
		};
		810957D1262304ED003388F3 /* Release */ = {
			isa = XCBuildConfiguration;
			buildSettings = {
				ALWAYS_SEARCH_USER_PATHS = NO;
				CLANG_ANALYZER_NONNULL = YES;
				CLANG_ANALYZER_NUMBER_OBJECT_CONVERSION = YES_AGGRESSIVE;
				CLANG_CXX_LANGUAGE_STANDARD = "gnu++14";
				CLANG_CXX_LIBRARY = "libc++";
				CLANG_ENABLE_MODULES = YES;
				CLANG_ENABLE_OBJC_ARC = YES;
				CLANG_ENABLE_OBJC_WEAK = YES;
				CLANG_WARN_BLOCK_CAPTURE_AUTORELEASING = YES;
				CLANG_WARN_BOOL_CONVERSION = YES;
				CLANG_WARN_COMMA = YES;
				CLANG_WARN_CONSTANT_CONVERSION = YES;
				CLANG_WARN_DEPRECATED_OBJC_IMPLEMENTATIONS = YES;
				CLANG_WARN_DIRECT_OBJC_ISA_USAGE = YES_ERROR;
				CLANG_WARN_DOCUMENTATION_COMMENTS = YES;
				CLANG_WARN_EMPTY_BODY = YES;
				CLANG_WARN_ENUM_CONVERSION = YES;
				CLANG_WARN_INFINITE_RECURSION = YES;
				CLANG_WARN_INT_CONVERSION = YES;
				CLANG_WARN_NON_LITERAL_NULL_CONVERSION = YES;
				CLANG_WARN_OBJC_IMPLICIT_RETAIN_SELF = YES;
				CLANG_WARN_OBJC_LITERAL_CONVERSION = YES;
				CLANG_WARN_OBJC_ROOT_CLASS = YES_ERROR;
				CLANG_WARN_QUOTED_INCLUDE_IN_FRAMEWORK_HEADER = YES;
				CLANG_WARN_RANGE_LOOP_ANALYSIS = YES;
				CLANG_WARN_STRICT_PROTOTYPES = YES;
				CLANG_WARN_SUSPICIOUS_MOVE = YES;
				CLANG_WARN_UNGUARDED_AVAILABILITY = YES_AGGRESSIVE;
				CLANG_WARN_UNREACHABLE_CODE = YES;
				CLANG_WARN__DUPLICATE_METHOD_MATCH = YES;
				COPY_PHASE_STRIP = NO;
				DEBUG_INFORMATION_FORMAT = "dwarf-with-dsym";
				ENABLE_NS_ASSERTIONS = NO;
				ENABLE_STRICT_OBJC_MSGSEND = YES;
				GCC_C_LANGUAGE_STANDARD = gnu11;
				GCC_NO_COMMON_BLOCKS = YES;
				GCC_WARN_64_TO_32_BIT_CONVERSION = YES;
				GCC_WARN_ABOUT_RETURN_TYPE = YES_ERROR;
				GCC_WARN_UNDECLARED_SELECTOR = YES;
				GCC_WARN_UNINITIALIZED_AUTOS = YES_AGGRESSIVE;
				GCC_WARN_UNUSED_FUNCTION = YES;
				GCC_WARN_UNUSED_VARIABLE = YES;
				MACOSX_DEPLOYMENT_TARGET = 10.15;
				MTL_ENABLE_DEBUG_INFO = NO;
				MTL_FAST_MATH = YES;
				SDKROOT = macosx;
				SWIFT_COMPILATION_MODE = wholemodule;
				SWIFT_OPTIMIZATION_LEVEL = "-O";
			};
			name = Release;
		};
		810957D3262304ED003388F3 /* Debug */ = {
			isa = XCBuildConfiguration;
			buildSettings = {
				ASSETCATALOG_COMPILER_APPICON_NAME = AppIcon;
				ASSETCATALOG_COMPILER_GLOBAL_ACCENT_COLOR_NAME = AccentColor;
				CLANG_ENABLE_MODULES = YES;
				CODE_SIGN_ENTITLEMENTS = metalTest/OtherFiles/metalTest.entitlements;
				CODE_SIGN_STYLE = Automatic;
				COMBINE_HIDPI_IMAGES = YES;
				DEVELOPMENT_TEAM = TKSHWHPXGZ;
				ENABLE_HARDENED_RUNTIME = YES;
				INFOPLIST_FILE = metalTest/OtherFiles/Info.plist;
				LD_RUNPATH_SEARCH_PATHS = (
					"$(inherited)",
					"@executable_path/../Frameworks",
				);
				PRODUCT_BUNDLE_IDENTIFIER = com.stiven.metalTest;
				PRODUCT_NAME = "$(TARGET_NAME)";
				SWIFT_OBJC_BRIDGING_HEADER = "metalTest/shaders/metalTest-Bridging-Header.h";
				SWIFT_OPTIMIZATION_LEVEL = "-Onone";
				SWIFT_VERSION = 5.0;
			};
			name = Debug;
		};
		810957D4262304ED003388F3 /* Release */ = {
			isa = XCBuildConfiguration;
			buildSettings = {
				ASSETCATALOG_COMPILER_APPICON_NAME = AppIcon;
				ASSETCATALOG_COMPILER_GLOBAL_ACCENT_COLOR_NAME = AccentColor;
				CLANG_ENABLE_MODULES = YES;
				CODE_SIGN_ENTITLEMENTS = metalTest/OtherFiles/metalTest.entitlements;
				CODE_SIGN_STYLE = Automatic;
				COMBINE_HIDPI_IMAGES = YES;
				DEVELOPMENT_TEAM = TKSHWHPXGZ;
				ENABLE_HARDENED_RUNTIME = YES;
				INFOPLIST_FILE = metalTest/OtherFiles/Info.plist;
				LD_RUNPATH_SEARCH_PATHS = (
					"$(inherited)",
					"@executable_path/../Frameworks",
				);
				PRODUCT_BUNDLE_IDENTIFIER = com.stiven.metalTest;
				PRODUCT_NAME = "$(TARGET_NAME)";
				SWIFT_OBJC_BRIDGING_HEADER = "metalTest/shaders/metalTest-Bridging-Header.h";
				SWIFT_VERSION = 5.0;
			};
			name = Release;
		};
/* End XCBuildConfiguration section */

/* Begin XCConfigurationList section */
		810957A7262304EA003388F3 /* Build configuration list for PBXProject "metalTest" */ = {
			isa = XCConfigurationList;
			buildConfigurations = (
				810957D0262304ED003388F3 /* Debug */,
				810957D1262304ED003388F3 /* Release */,
			);
			defaultConfigurationIsVisible = 0;
			defaultConfigurationName = Release;
		};
		810957D2262304ED003388F3 /* Build configuration list for PBXNativeTarget "metalTest" */ = {
			isa = XCConfigurationList;
			buildConfigurations = (
				810957D3262304ED003388F3 /* Debug */,
				810957D4262304ED003388F3 /* Release */,
			);
			defaultConfigurationIsVisible = 0;
			defaultConfigurationName = Release;
		};
/* End XCConfigurationList section */

/* Begin XCRemoteSwiftPackageReference section */
		813A4E1F262449D600EDED21 /* XCRemoteSwiftPackageReference "Math" */ = {
			isa = XCRemoteSwiftPackageReference;
			repositoryURL = "https://github.com/SwiftGL/Math.git";
			requirement = {
				kind = upToNextMajorVersion;
				minimumVersion = 3.0.0;
			};
		};
/* End XCRemoteSwiftPackageReference section */

/* Begin XCSwiftPackageProductDependency section */
		813A4E20262449D600EDED21 /* SGLMath */ = {
			isa = XCSwiftPackageProductDependency;
			package = 813A4E1F262449D600EDED21 /* XCRemoteSwiftPackageReference "Math" */;
			productName = SGLMath;
		};
/* End XCSwiftPackageProductDependency section */
	};
	rootObject = 810957A4262304EA003388F3 /* Project object */;
}
