{
  "object": {
    "pins": [
      {
        "package": "Cstb",
        "repositoryURL": "https://github.com/troughton/Cstb.git",
        "state": {
          "branch": null,
          "revision": "08d0f1310c826f616d4e2b63f5029b45fa31ea17",
          "version": "1.0.3"
        }
      },
      {
        "package": "SGLMath",
        "repositoryURL": "https://github.com/SwiftGL/Math.git",
        "state": {
          "branch": null,
          "revision": "8bdd2e542f28828d0c224c1ea8e046c6f652ec40",
          "version": "3.0.0"
        }
      }
    ]
  },
  "version": 1
}
